dependencies:
- name: searxng
  repository: oci://tccr.io/truecharts
  version: 10.3.4
- name: common-helpers
  repository: oci://ghcr.io/webgrip/common-charts
  version: 1.0.13
- name: redis
  repository: oci://registry-1.docker.io/bitnamicharts
  version: 22.0.6
digest: sha256:4e714082c4c0fa9e5c09c522454e06f3a389e443a044584706b02f03a1e817ec
generated: "2025-08-27T18:51:56.404530759+02:00"
